
Microsoft Visual Studio Solution File, Format Version 12.00
# Visual Studio Version 17
VisualStudioVersion = 17.4.33213.308
MinimumVisualStudioVersion = 10.0.40219.1
Project("{FAE04EC0-301F-11D3-BF4B-00C04F79EFBC}") = "Activity 4.1_Detterman", "Activity 4.1_Detterman\Activity 4.1_Detterman.csproj", "{B6809495-AE27-4CFE-9C43-67B163830810}"
EndProject
Global
	GlobalSection(SolutionConfigurationPlatforms) = preSolution
		Debug|Any CPU = Debug|Any CPU
		Release|Any CPU = Release|Any CPU
	EndGlobalSection
	GlobalSection(ProjectConfigurationPlatforms) = postSolution
		{B6809495-AE27-4CFE-9C43-67B163830810}.Debug|Any CPU.ActiveCfg = Debug|Any CPU
		{B6809495-AE27-4CFE-9C43-67B163830810}.Debug|Any CPU.Build.0 = Debug|Any CPU
		{B6809495-AE27-4CFE-9C43-67B163830810}.Release|Any CPU.ActiveCfg = Release|Any CPU
		{B6809495-AE27-4CFE-9C43-67B163830810}.Release|Any CPU.Build.0 = Release|Any CPU
	EndGlobalSection
	GlobalSection(SolutionProperties) = preSolution
		HideSolutionNode = FALSE
	EndGlobalSection
	GlobalSection(ExtensibilityGlobals) = postSolution
		SolutionGuid = {38AC7277-14EA-4CCA-8677-B375DFB06DA0}
	EndGlobalSection
EndGlobal
