
Microsoft Visual Studio Solution File, Format Version 12.00
# Visual Studio Version 16
VisualStudioVersion = 16.0.33927.289
MinimumVisualStudioVersion = 10.0.40219.1
Project("{FAE04EC0-301F-11D3-BF4B-00C04F79EFBC}") = "Loop In-Class", "Loop In-Class\Loop In-Class.csproj", "{5642C02F-A7B1-4A07-9284-C673B386E12E}"
EndProject
Global
	GlobalSection(SolutionConfigurationPlatforms) = preSolution
		Debug|Any CPU = Debug|Any CPU
		Release|Any CPU = Release|Any CPU
	EndGlobalSection
	GlobalSection(ProjectConfigurationPlatforms) = postSolution
		{5642C02F-A7B1-4A07-9284-C673B386E12E}.Debug|Any CPU.ActiveCfg = Debug|Any CPU
		{5642C02F-A7B1-4A07-9284-C673B386E12E}.Debug|Any CPU.Build.0 = Debug|Any CPU
		{5642C02F-A7B1-4A07-9284-C673B386E12E}.Release|Any CPU.ActiveCfg = Release|Any CPU
		{5642C02F-A7B1-4A07-9284-C673B386E12E}.Release|Any CPU.Build.0 = Release|Any CPU
	EndGlobalSection
	GlobalSection(SolutionProperties) = preSolution
		HideSolutionNode = FALSE
	EndGlobalSection
	GlobalSection(ExtensibilityGlobals) = postSolution
		SolutionGuid = {23A6749D-7AA4-487D-ADCB-31819B063F8D}
	EndGlobalSection
EndGlobal
